// !$*UTF8*$!
{
	archiveVersion = 1;
	classes = {
	};
	objectVersion = 50;
	objects = {

/* Begin PBXBuildFile section */
		3B1CBA582119D22E00CDC2C2 /* FYH-Home.storyboard in Resources */ = {isa = PBXBuildFile; fileRef = 3B1CBA572119D22E00CDC2C2 /* FYH-Home.storyboard */; };
		3B1CBA5C2119D25B00CDC2C2 /* FYH-Me.storyboard in Resources */ = {isa = PBXBuildFile; fileRef = 3B1CBA5B2119D25B00CDC2C2 /* FYH-Me.storyboard */; };
		3B1CBA5E2119D26900CDC2C2 /* FYH-Order.storyboard in Resources */ = {isa = PBXBuildFile; fileRef = 3B1CBA5D2119D26900CDC2C2 /* FYH-Order.storyboard */; };
		3B1CBA602119D28200CDC2C2 /* FYHHomeViewController.swift in Sources */ = {isa = PBXBuildFile; fileRef = 3B1CBA5F2119D28200CDC2C2 /* FYHHomeViewController.swift */; };
		3B1CBA622119D28D00CDC2C2 /* FYHMeViewController.swift in Sources */ = {isa = PBXBuildFile; fileRef = 3B1CBA612119D28D00CDC2C2 /* FYHMeViewController.swift */; };
		3B1CBA642119D29900CDC2C2 /* FYHOrderViewController.swift in Sources */ = {isa = PBXBuildFile; fileRef = 3B1CBA632119D29900CDC2C2 /* FYHOrderViewController.swift */; };
		3B39CFC1211EEFA1001FB8C0 /* FTHProductTableViewCell.swift in Sources */ = {isa = PBXBuildFile; fileRef = 3B39CFC0211EEFA1001FB8C0 /* FTHProductTableViewCell.swift */; };
		3B39CFC3211EF2F6001FB8C0 /* FYHProductListController.swift in Sources */ = {isa = PBXBuildFile; fileRef = 3B39CFC2211EF2F6001FB8C0 /* FYHProductListController.swift */; };
		3B4CEB2D211C9E880007E233 /* CoolSlidingMenuView.swift in Sources */ = {isa = PBXBuildFile; fileRef = 3B4CEB29211C9E880007E233 /* CoolSlidingMenuView.swift */; };
		3B4CEB2E211C9E880007E233 /* CoolSlidingMenuManager.swift in Sources */ = {isa = PBXBuildFile; fileRef = 3B4CEB2A211C9E880007E233 /* CoolSlidingMenuManager.swift */; };
		3B4CEB2F211C9E880007E233 /* CoolSlidingMenuCollectionViewCell.swift in Sources */ = {isa = PBXBuildFile; fileRef = 3B4CEB2B211C9E880007E233 /* CoolSlidingMenuCollectionViewCell.swift */; };
		3B4CEB30211C9E880007E233 /* CoolSlidingMenuCollectionViewCell.xib in Resources */ = {isa = PBXBuildFile; fileRef = 3B4CEB2C211C9E880007E233 /* CoolSlidingMenuCollectionViewCell.xib */; };
		3B7C951B211E68E100A69381 /* FTHProductIntroduceView.swift in Sources */ = {isa = PBXBuildFile; fileRef = 3B7C951A211E68E100A69381 /* FTHProductIntroduceView.swift */; };
		3B7C951D211EAACF00A69381 /* FYHProductChoseViewController.swift in Sources */ = {isa = PBXBuildFile; fileRef = 3B7C951C211EAACF00A69381 /* FYHProductChoseViewController.swift */; };
		3B7C951F211EB20D00A69381 /* UIView-FYHExtension.swift in Sources */ = {isa = PBXBuildFile; fileRef = 3B7C951E211EB20D00A69381 /* UIView-FYHExtension.swift */; };
		3B7C9521211ECF6F00A69381 /* FTHProductCommentController.swift in Sources */ = {isa = PBXBuildFile; fileRef = 3B7C9520211ECF6F00A69381 /* FTHProductCommentController.swift */; };
		3B7C9523211ED02F00A69381 /* FTHProductCommentCell.swift in Sources */ = {isa = PBXBuildFile; fileRef = 3B7C9522211ED02F00A69381 /* FTHProductCommentCell.swift */; };
		3BA3494F211FE81A008E2FE8 /* FYHOrderTableViewController.swift in Sources */ = {isa = PBXBuildFile; fileRef = 3BA3494E211FE81A008E2FE8 /* FYHOrderTableViewController.swift */; };
		3BA34952211FE944008E2FE8 /* FYHOrderTableCell.swift in Sources */ = {isa = PBXBuildFile; fileRef = 3BA34951211FE944008E2FE8 /* FYHOrderTableCell.swift */; };
		3BA34954211FEA3F008E2FE8 /* FYHOrderTableCell.xib in Resources */ = {isa = PBXBuildFile; fileRef = 3BA34953211FEA3F008E2FE8 /* FYHOrderTableCell.xib */; };
		3BA34956212036D2008E2FE8 /* FYHOrderDetailController.swift in Sources */ = {isa = PBXBuildFile; fileRef = 3BA34955212036D2008E2FE8 /* FYHOrderDetailController.swift */; };
		3BA3495A2120494C008E2FE8 /* FYHOrderDetailView.swift in Sources */ = {isa = PBXBuildFile; fileRef = 3BA349592120494C008E2FE8 /* FYHOrderDetailView.swift */; };
		3BA3495C21204958008E2FE8 /* FYHOrderDetailView.xib in Resources */ = {isa = PBXBuildFile; fileRef = 3BA3495B21204958008E2FE8 /* FYHOrderDetailView.xib */; };
		3BCA7F4F212075790076FFC0 /* FYHOrderClickView.swift in Sources */ = {isa = PBXBuildFile; fileRef = 3BCA7F4E212075790076FFC0 /* FYHOrderClickView.swift */; };
		3BF7646E211DEE74008F8AF4 /* FTHProductContentViewController.swift in Sources */ = {isa = PBXBuildFile; fileRef = 3BF7646D211DEE74008F8AF4 /* FTHProductContentViewController.swift */; };
		844E5651211818210058EFCE /* AppDelegate.swift in Sources */ = {isa = PBXBuildFile; fileRef = 844E5650211818210058EFCE /* AppDelegate.swift */; };
		844E5653211818210058EFCE /* ViewController.swift in Sources */ = {isa = PBXBuildFile; fileRef = 844E5652211818210058EFCE /* ViewController.swift */; };
		844E5656211818210058EFCE /* Main.storyboard in Resources */ = {isa = PBXBuildFile; fileRef = 844E5654211818210058EFCE /* Main.storyboard */; };
		844E5658211818230058EFCE /* Assets.xcassets in Resources */ = {isa = PBXBuildFile; fileRef = 844E5657211818230058EFCE /* Assets.xcassets */; };
		844E565B211818230058EFCE /* LaunchScreen.storyboard in Resources */ = {isa = PBXBuildFile; fileRef = 844E5659211818230058EFCE /* LaunchScreen.storyboard */; };
		849349D9211AF9CC00BB1C0B /* FYHHomeProductView.swift in Sources */ = {isa = PBXBuildFile; fileRef = 849349D8211AF9CC00BB1C0B /* FYHHomeProductView.swift */; };
		849349DD211B0AC800BB1C0B /* FYHHomeSectionView.swift in Sources */ = {isa = PBXBuildFile; fileRef = 849349DC211B0AC800BB1C0B /* FYHHomeSectionView.swift */; };
		84ACD396211C63CC0038B88B /* UIColor-FYHExtension.swift in Sources */ = {isa = PBXBuildFile; fileRef = 84ACD395211C63CC0038B88B /* UIColor-FYHExtension.swift */; };
		84B5909B211D9579001F3D7D /* FYHProductViewController.swift in Sources */ = {isa = PBXBuildFile; fileRef = 84B5909A211D9579001F3D7D /* FYHProductViewController.swift */; };
		84D26F502119324900F41EC5 /* FYUnderLineTextField.swift in Sources */ = {isa = PBXBuildFile; fileRef = 84D26F4F2119324900F41EC5 /* FYUnderLineTextField.swift */; };
		84D26F54211934B700F41EC5 /* BaseViewController.swift in Sources */ = {isa = PBXBuildFile; fileRef = 84D26F53211934B700F41EC5 /* BaseViewController.swift */; };
		84D26F56211934F100F41EC5 /* FYH-Account.storyboard in Resources */ = {isa = PBXBuildFile; fileRef = 84D26F55211934F100F41EC5 /* FYH-Account.storyboard */; };
		84D26F582119352C00F41EC5 /* FYHAccountLoginViewController.swift in Sources */ = {isa = PBXBuildFile; fileRef = 84D26F572119352C00F41EC5 /* FYHAccountLoginViewController.swift */; };
		84D26F5C2119762500F41EC5 /* UIButton-FYHExtension.swift in Sources */ = {isa = PBXBuildFile; fileRef = 84D26F5B2119762500F41EC5 /* UIButton-FYHExtension.swift */; };
		EF31D7BC80AE16F05ECEE2D4 /* Pods_FYHire.framework in Frameworks */ = {isa = PBXBuildFile; fileRef = 3925437C1FBBB8B8551DABAD /* Pods_FYHire.framework */; };
/* End PBXBuildFile section */

/* Begin PBXFileReference section */
		3925437C1FBBB8B8551DABAD /* Pods_FYHire.framework */ = {isa = PBXFileReference; explicitFileType = wrapper.framework; includeInIndex = 0; path = Pods_FYHire.framework; sourceTree = BUILT_PRODUCTS_DIR; };
		3B1CBA562119D1A100CDC2C2 /* FYHire-Bridge-Header.h */ = {isa = PBXFileReference; lastKnownFileType = sourcecode.c.h; path = "FYHire-Bridge-Header.h"; sourceTree = "<group>"; };
		3B1CBA572119D22E00CDC2C2 /* FYH-Home.storyboard */ = {isa = PBXFileReference; lastKnownFileType = file.storyboard; path = "FYH-Home.storyboard"; sourceTree = "<group>"; };
		3B1CBA5B2119D25B00CDC2C2 /* FYH-Me.storyboard */ = {isa = PBXFileReference; lastKnownFileType = file.storyboard; path = "FYH-Me.storyboard"; sourceTree = "<group>"; };
		3B1CBA5D2119D26900CDC2C2 /* FYH-Order.storyboard */ = {isa = PBXFileReference; lastKnownFileType = file.storyboard; path = "FYH-Order.storyboard"; sourceTree = "<group>"; };
		3B1CBA5F2119D28200CDC2C2 /* FYHHomeViewController.swift */ = {isa = PBXFileReference; lastKnownFileType = sourcecode.swift; path = FYHHomeViewController.swift; sourceTree = "<group>"; };
		3B1CBA612119D28D00CDC2C2 /* FYHMeViewController.swift */ = {isa = PBXFileReference; lastKnownFileType = sourcecode.swift; path = FYHMeViewController.swift; sourceTree = "<group>"; };
		3B1CBA632119D29900CDC2C2 /* FYHOrderViewController.swift */ = {isa = PBXFileReference; lastKnownFileType = sourcecode.swift; path = FYHOrderViewController.swift; sourceTree = "<group>"; };
		3B39CFC0211EEFA1001FB8C0 /* FTHProductTableViewCell.swift */ = {isa = PBXFileReference; lastKnownFileType = sourcecode.swift; path = FTHProductTableViewCell.swift; sourceTree = "<group>"; };
		3B39CFC2211EF2F6001FB8C0 /* FYHProductListController.swift */ = {isa = PBXFileReference; lastKnownFileType = sourcecode.swift; path = FYHProductListController.swift; sourceTree = "<group>"; };
		3B4CEB29211C9E880007E233 /* CoolSlidingMenuView.swift */ = {isa = PBXFileReference; fileEncoding = 4; lastKnownFileType = sourcecode.swift; path = CoolSlidingMenuView.swift; sourceTree = "<group>"; };
		3B4CEB2A211C9E880007E233 /* CoolSlidingMenuManager.swift */ = {isa = PBXFileReference; fileEncoding = 4; lastKnownFileType = sourcecode.swift; path = CoolSlidingMenuManager.swift; sourceTree = "<group>"; };
		3B4CEB2B211C9E880007E233 /* CoolSlidingMenuCollectionViewCell.swift */ = {isa = PBXFileReference; fileEncoding = 4; lastKnownFileType = sourcecode.swift; path = CoolSlidingMenuCollectionViewCell.swift; sourceTree = "<group>"; };
		3B4CEB2C211C9E880007E233 /* CoolSlidingMenuCollectionViewCell.xib */ = {isa = PBXFileReference; fileEncoding = 4; lastKnownFileType = file.xib; path = CoolSlidingMenuCollectionViewCell.xib; sourceTree = "<group>"; };
		3B7C951A211E68E100A69381 /* FTHProductIntroduceView.swift */ = {isa = PBXFileReference; lastKnownFileType = sourcecode.swift; path = FTHProductIntroduceView.swift; sourceTree = "<group>"; };
		3B7C951C211EAACF00A69381 /* FYHProductChoseViewController.swift */ = {isa = PBXFileReference; lastKnownFileType = sourcecode.swift; path = FYHProductChoseViewController.swift; sourceTree = "<group>"; };
		3B7C951E211EB20D00A69381 /* UIView-FYHExtension.swift */ = {isa = PBXFileReference; lastKnownFileType = sourcecode.swift; path = "UIView-FYHExtension.swift"; sourceTree = "<group>"; };
		3B7C9520211ECF6F00A69381 /* FTHProductCommentController.swift */ = {isa = PBXFileReference; lastKnownFileType = sourcecode.swift; path = FTHProductCommentController.swift; sourceTree = "<group>"; };
		3B7C9522211ED02F00A69381 /* FTHProductCommentCell.swift */ = {isa = PBXFileReference; lastKnownFileType = sourcecode.swift; path = FTHProductCommentCell.swift; sourceTree = "<group>"; };
		3BA3494E211FE81A008E2FE8 /* FYHOrderTableViewController.swift */ = {isa = PBXFileReference; lastKnownFileType = sourcecode.swift; path = FYHOrderTableViewController.swift; sourceTree = "<group>"; };
		3BA34951211FE944008E2FE8 /* FYHOrderTableCell.swift */ = {isa = PBXFileReference; lastKnownFileType = sourcecode.swift; path = FYHOrderTableCell.swift; sourceTree = "<group>"; };
		3BA34953211FEA3F008E2FE8 /* FYHOrderTableCell.xib */ = {isa = PBXFileReference; lastKnownFileType = file.xib; path = FYHOrderTableCell.xib; sourceTree = "<group>"; };
		3BA34955212036D2008E2FE8 /* FYHOrderDetailController.swift */ = {isa = PBXFileReference; lastKnownFileType = sourcecode.swift; path = FYHOrderDetailController.swift; sourceTree = "<group>"; };
		3BA349592120494C008E2FE8 /* FYHOrderDetailView.swift */ = {isa = PBXFileReference; lastKnownFileType = sourcecode.swift; path = FYHOrderDetailView.swift; sourceTree = "<group>"; };
		3BA3495B21204958008E2FE8 /* FYHOrderDetailView.xib */ = {isa = PBXFileReference; lastKnownFileType = file.xib; path = FYHOrderDetailView.xib; sourceTree = "<group>"; };
		3BCA7F4E212075790076FFC0 /* FYHOrderClickView.swift */ = {isa = PBXFileReference; lastKnownFileType = sourcecode.swift; path = FYHOrderClickView.swift; sourceTree = "<group>"; };
		3BF7646D211DEE74008F8AF4 /* FTHProductContentViewController.swift */ = {isa = PBXFileReference; fileEncoding = 4; lastKnownFileType = sourcecode.swift; path = FTHProductContentViewController.swift; sourceTree = "<group>"; };
		7A506653BCB51DA7451CCD05 /* Pods-FYHire.debug.xcconfig */ = {isa = PBXFileReference; includeInIndex = 1; lastKnownFileType = text.xcconfig; name = "Pods-FYHire.debug.xcconfig"; path = "Pods/Target Support Files/Pods-FYHire/Pods-FYHire.debug.xcconfig"; sourceTree = "<group>"; };
		844E564D211818210058EFCE /* FYHire.app */ = {isa = PBXFileReference; explicitFileType = wrapper.application; includeInIndex = 0; path = FYHire.app; sourceTree = BUILT_PRODUCTS_DIR; };
		844E5650211818210058EFCE /* AppDelegate.swift */ = {isa = PBXFileReference; lastKnownFileType = sourcecode.swift; path = AppDelegate.swift; sourceTree = "<group>"; };
		844E5652211818210058EFCE /* ViewController.swift */ = {isa = PBXFileReference; lastKnownFileType = sourcecode.swift; path = ViewController.swift; sourceTree = "<group>"; };
		844E5655211818210058EFCE /* Base */ = {isa = PBXFileReference; lastKnownFileType = file.storyboard; name = Base; path = Base.lproj/Main.storyboard; sourceTree = "<group>"; };
		844E5657211818230058EFCE /* Assets.xcassets */ = {isa = PBXFileReference; lastKnownFileType = folder.assetcatalog; path = Assets.xcassets; sourceTree = "<group>"; };
		844E565A211818230058EFCE /* Base */ = {isa = PBXFileReference; lastKnownFileType = file.storyboard; name = Base; path = Base.lproj/LaunchScreen.storyboard; sourceTree = "<group>"; };
		844E565C211818230058EFCE /* Info.plist */ = {isa = PBXFileReference; lastKnownFileType = text.plist.xml; path = Info.plist; sourceTree = "<group>"; };
		849349D8211AF9CC00BB1C0B /* FYHHomeProductView.swift */ = {isa = PBXFileReference; lastKnownFileType = sourcecode.swift; path = FYHHomeProductView.swift; sourceTree = "<group>"; };
		849349DC211B0AC800BB1C0B /* FYHHomeSectionView.swift */ = {isa = PBXFileReference; lastKnownFileType = sourcecode.swift; path = FYHHomeSectionView.swift; sourceTree = "<group>"; };
		84ACD395211C63CC0038B88B /* UIColor-FYHExtension.swift */ = {isa = PBXFileReference; lastKnownFileType = sourcecode.swift; path = "UIColor-FYHExtension.swift"; sourceTree = "<group>"; };
		84B5909A211D9579001F3D7D /* FYHProductViewController.swift */ = {isa = PBXFileReference; lastKnownFileType = sourcecode.swift; path = FYHProductViewController.swift; sourceTree = "<group>"; };
		84D26F4F2119324900F41EC5 /* FYUnderLineTextField.swift */ = {isa = PBXFileReference; lastKnownFileType = sourcecode.swift; path = FYUnderLineTextField.swift; sourceTree = "<group>"; };
		84D26F53211934B700F41EC5 /* BaseViewController.swift */ = {isa = PBXFileReference; fileEncoding = 4; lastKnownFileType = sourcecode.swift; path = BaseViewController.swift; sourceTree = "<group>"; };
		84D26F55211934F100F41EC5 /* FYH-Account.storyboard */ = {isa = PBXFileReference; lastKnownFileType = file.storyboard; path = "FYH-Account.storyboard"; sourceTree = "<group>"; };
		84D26F572119352C00F41EC5 /* FYHAccountLoginViewController.swift */ = {isa = PBXFileReference; lastKnownFileType = sourcecode.swift; path = FYHAccountLoginViewController.swift; sourceTree = "<group>"; };
		84D26F5B2119762500F41EC5 /* UIButton-FYHExtension.swift */ = {isa = PBXFileReference; lastKnownFileType = sourcecode.swift; path = "UIButton-FYHExtension.swift"; sourceTree = "<group>"; };
		D57A2149658D8D4D9805E849 /* Pods-FYHire.release.xcconfig */ = {isa = PBXFileReference; includeInIndex = 1; lastKnownFileType = text.xcconfig; name = "Pods-FYHire.release.xcconfig"; path = "Pods/Target Support Files/Pods-FYHire/Pods-FYHire.release.xcconfig"; sourceTree = "<group>"; };
/* End PBXFileReference section */

/* Begin PBXFrameworksBuildPhase section */
		844E564A211818210058EFCE /* Frameworks */ = {
			isa = PBXFrameworksBuildPhase;
			buildActionMask = 2147483647;
			files = (
				EF31D7BC80AE16F05ECEE2D4 /* Pods_FYHire.framework in Frameworks */,
			);
			runOnlyForDeploymentPostprocessing = 0;
		};
/* End PBXFrameworksBuildPhase section */

/* Begin PBXGroup section */
		3B1CBA532119CD9200CDC2C2 /* Home */ = {
			isa = PBXGroup;
			children = (
				849349D5211AF78400BB1C0B /* View */,
				3B1CBA572119D22E00CDC2C2 /* FYH-Home.storyboard */,
				3B1CBA5F2119D28200CDC2C2 /* FYHHomeViewController.swift */,
			);
			path = Home;
			sourceTree = "<group>";
		};
		3B1CBA542119CDA500CDC2C2 /* Me */ = {
			isa = PBXGroup;
			children = (
				3B1CBA5B2119D25B00CDC2C2 /* FYH-Me.storyboard */,
				3B1CBA612119D28D00CDC2C2 /* FYHMeViewController.swift */,
			);
			path = Me;
			sourceTree = "<group>";
		};
		3B1CBA552119CDBD00CDC2C2 /* Order */ = {
			isa = PBXGroup;
			children = (
				3BA34950211FE8AB008E2FE8 /* View */,
				3B1CBA5D2119D26900CDC2C2 /* FYH-Order.storyboard */,
				3B1CBA632119D29900CDC2C2 /* FYHOrderViewController.swift */,
				3BA3494E211FE81A008E2FE8 /* FYHOrderTableViewController.swift */,
				3BA34955212036D2008E2FE8 /* FYHOrderDetailController.swift */,
			);
			path = Order;
			sourceTree = "<group>";
		};
		3B4CEB28211C9E880007E233 /* CoolSlidingMenu */ = {
			isa = PBXGroup;
			children = (
				3B4CEB29211C9E880007E233 /* CoolSlidingMenuView.swift */,
				3B4CEB2A211C9E880007E233 /* CoolSlidingMenuManager.swift */,
				3B4CEB2B211C9E880007E233 /* CoolSlidingMenuCollectionViewCell.swift */,
				3B4CEB2C211C9E880007E233 /* CoolSlidingMenuCollectionViewCell.xib */,
			);
			path = CoolSlidingMenu;
			sourceTree = "<group>";
		};
		3B7C9519211E67DD00A69381 /* View */ = {
			isa = PBXGroup;
			children = (
				3B7C951A211E68E100A69381 /* FTHProductIntroduceView.swift */,
				3B7C9522211ED02F00A69381 /* FTHProductCommentCell.swift */,
				3B39CFC0211EEFA1001FB8C0 /* FTHProductTableViewCell.swift */,
			);
			path = View;
			sourceTree = "<group>";
		};
		3BA34950211FE8AB008E2FE8 /* View */ = {
			isa = PBXGroup;
			children = (
				3BA3495821204931008E2FE8 /* FYHOrderDetailView */,
				3BA34957212036E6008E2FE8 /* FYHOrderTableCell */,
				3BCA7F4E212075790076FFC0 /* FYHOrderClickView.swift */,
			);
			path = View;
			sourceTree = "<group>";
		};
		3BA34957212036E6008E2FE8 /* FYHOrderTableCell */ = {
			isa = PBXGroup;
			children = (
				3BA34951211FE944008E2FE8 /* FYHOrderTableCell.swift */,
				3BA34953211FEA3F008E2FE8 /* FYHOrderTableCell.xib */,
			);
			path = FYHOrderTableCell;
			sourceTree = "<group>";
		};
		3BA3495821204931008E2FE8 /* FYHOrderDetailView */ = {
			isa = PBXGroup;
			children = (
				3BA349592120494C008E2FE8 /* FYHOrderDetailView.swift */,
				3BA3495B21204958008E2FE8 /* FYHOrderDetailView.xib */,
			);
			path = FYHOrderDetailView;
			sourceTree = "<group>";
		};
		844E5644211818210058EFCE = {
			isa = PBXGroup;
			children = (
				3B1CBA562119D1A100CDC2C2 /* FYHire-Bridge-Header.h */,
				844E564F211818210058EFCE /* FYHire */,
				844E564E211818210058EFCE /* Products */,
				DB5E05D0397BB65FF4BDBC5E /* Pods */,
				D67050C345525AA470DCD1E7 /* Frameworks */,
			);
			sourceTree = "<group>";
		};
		844E564E211818210058EFCE /* Products */ = {
			isa = PBXGroup;
			children = (
				844E564D211818210058EFCE /* FYHire.app */,
			);
			name = Products;
			sourceTree = "<group>";
		};
		844E564F211818210058EFCE /* FYHire */ = {
			isa = PBXGroup;
			children = (
				84D26F4C2119316A00F41EC5 /* Session */,
				84D26F4B2119315C00F41EC5 /* Common */,
				844E5657211818230058EFCE /* Assets.xcassets */,
				844E565C211818230058EFCE /* Info.plist */,
			);
			path = FYHire;
			sourceTree = "<group>";
		};
		849349D5211AF78400BB1C0B /* View */ = {
			isa = PBXGroup;
			children = (
				849349D8211AF9CC00BB1C0B /* FYHHomeProductView.swift */,
				849349DC211B0AC800BB1C0B /* FYHHomeSectionView.swift */,
			);
			path = View;
			sourceTree = "<group>";
		};
		84B59097211D951F001F3D7D /* Product */ = {
			isa = PBXGroup;
			children = (
				3B7C9519211E67DD00A69381 /* View */,
				3BF7646D211DEE74008F8AF4 /* FTHProductContentViewController.swift */,
				84B5909A211D9579001F3D7D /* FYHProductViewController.swift */,
				3B7C951C211EAACF00A69381 /* FYHProductChoseViewController.swift */,
				3B7C9520211ECF6F00A69381 /* FTHProductCommentController.swift */,
				3B39CFC2211EF2F6001FB8C0 /* FYHProductListController.swift */,
			);
			path = Product;
			sourceTree = "<group>";
		};
		84D26F4B2119315C00F41EC5 /* Common */ = {
			isa = PBXGroup;
			children = (
				84D26F522119346700F41EC5 /* Controller */,
				84D26F4E2119320D00F41EC5 /* View */,
			);
			path = Common;
			sourceTree = "<group>";
		};
		84D26F4C2119316A00F41EC5 /* Session */ = {
			isa = PBXGroup;
			children = (
				84B59097211D951F001F3D7D /* Product */,
				3B1CBA552119CDBD00CDC2C2 /* Order */,
				3B1CBA542119CDA500CDC2C2 /* Me */,
				3B1CBA532119CD9200CDC2C2 /* Home */,
				84D26F512119344900F41EC5 /* Account */,
				84D26F4D2119317A00F41EC5 /* Main */,
			);
			path = Session;
			sourceTree = "<group>";
		};
		84D26F4D2119317A00F41EC5 /* Main */ = {
			isa = PBXGroup;
			children = (
				844E5652211818210058EFCE /* ViewController.swift */,
				844E5650211818210058EFCE /* AppDelegate.swift */,
				844E5654211818210058EFCE /* Main.storyboard */,
				844E5659211818230058EFCE /* LaunchScreen.storyboard */,
			);
			path = Main;
			sourceTree = "<group>";
		};
		84D26F4E2119320D00F41EC5 /* View */ = {
			isa = PBXGroup;
			children = (
				3B4CEB28211C9E880007E233 /* CoolSlidingMenu */,
				84D26F4F2119324900F41EC5 /* FYUnderLineTextField.swift */,
				84D26F5B2119762500F41EC5 /* UIButton-FYHExtension.swift */,
				84ACD395211C63CC0038B88B /* UIColor-FYHExtension.swift */,
				3B7C951E211EB20D00A69381 /* UIView-FYHExtension.swift */,
			);
			path = View;
			sourceTree = "<group>";
		};
		84D26F512119344900F41EC5 /* Account */ = {
			isa = PBXGroup;
			children = (
				84D26F55211934F100F41EC5 /* FYH-Account.storyboard */,
				84D26F572119352C00F41EC5 /* FYHAccountLoginViewController.swift */,
			);
			path = Account;
			sourceTree = "<group>";
		};
		84D26F522119346700F41EC5 /* Controller */ = {
			isa = PBXGroup;
			children = (
				84D26F53211934B700F41EC5 /* BaseViewController.swift */,
			);
			path = Controller;
			sourceTree = "<group>";
		};
		D67050C345525AA470DCD1E7 /* Frameworks */ = {
			isa = PBXGroup;
			children = (
				3925437C1FBBB8B8551DABAD /* Pods_FYHire.framework */,
			);
			name = Frameworks;
			sourceTree = "<group>";
		};
		DB5E05D0397BB65FF4BDBC5E /* Pods */ = {
			isa = PBXGroup;
			children = (
				7A506653BCB51DA7451CCD05 /* Pods-FYHire.debug.xcconfig */,
				D57A2149658D8D4D9805E849 /* Pods-FYHire.release.xcconfig */,
			);
			name = Pods;
			sourceTree = "<group>";
		};
/* End PBXGroup section */

/* Begin PBXNativeTarget section */
		844E564C211818210058EFCE /* FYHire */ = {
			isa = PBXNativeTarget;
			buildConfigurationList = 844E565F211818230058EFCE /* Build configuration list for PBXNativeTarget "FYHire" */;
			buildPhases = (
				3F936FCB60C4372BECA980A3 /* [CP] Check Pods Manifest.lock */,
				844E5649211818210058EFCE /* Sources */,
				844E564A211818210058EFCE /* Frameworks */,
				844E564B211818210058EFCE /* Resources */,
				B93378D395810A62DE3913BE /* [CP] Embed Pods Frameworks */,
			);
			buildRules = (
			);
			dependencies = (
			);
			name = FYHire;
			productName = FYHire;
			productReference = 844E564D211818210058EFCE /* FYHire.app */;
			productType = "com.apple.product-type.application";
		};
/* End PBXNativeTarget section */

/* Begin PBXProject section */
		844E5645211818210058EFCE /* Project object */ = {
			isa = PBXProject;
			attributes = {
				LastSwiftUpdateCheck = 1000;
				LastUpgradeCheck = 1000;
				ORGANIZATIONNAME = fanyou;
				TargetAttributes = {
					844E564C211818210058EFCE = {
						CreatedOnToolsVersion = 10.0;
					};
				};
			};
			buildConfigurationList = 844E5648211818210058EFCE /* Build configuration list for PBXProject "FYHire" */;
			compatibilityVersion = "Xcode 9.3";
			developmentRegion = en;
			hasScannedForEncodings = 0;
			knownRegions = (
				en,
				Base,
			);
			mainGroup = 844E5644211818210058EFCE;
			productRefGroup = 844E564E211818210058EFCE /* Products */;
			projectDirPath = "";
			projectRoot = "";
			targets = (
				844E564C211818210058EFCE /* FYHire */,
			);
		};
/* End PBXProject section */

/* Begin PBXResourcesBuildPhase section */
		844E564B211818210058EFCE /* Resources */ = {
			isa = PBXResourcesBuildPhase;
			buildActionMask = 2147483647;
			files = (
				844E565B211818230058EFCE /* LaunchScreen.storyboard in Resources */,
				3B4CEB30211C9E880007E233 /* CoolSlidingMenuCollectionViewCell.xib in Resources */,
				3B1CBA582119D22E00CDC2C2 /* FYH-Home.storyboard in Resources */,
				3B1CBA5E2119D26900CDC2C2 /* FYH-Order.storyboard in Resources */,
				3BA3495C21204958008E2FE8 /* FYHOrderDetailView.xib in Resources */,
				844E5658211818230058EFCE /* Assets.xcassets in Resources */,
				84D26F56211934F100F41EC5 /* FYH-Account.storyboard in Resources */,
				3BA34954211FEA3F008E2FE8 /* FYHOrderTableCell.xib in Resources */,
				3B1CBA5C2119D25B00CDC2C2 /* FYH-Me.storyboard in Resources */,
				844E5656211818210058EFCE /* Main.storyboard in Resources */,
			);
			runOnlyForDeploymentPostprocessing = 0;
		};
/* End PBXResourcesBuildPhase section */

/* Begin PBXShellScriptBuildPhase section */
		3F936FCB60C4372BECA980A3 /* [CP] Check Pods Manifest.lock */ = {
			isa = PBXShellScriptBuildPhase;
			buildActionMask = 2147483647;
			files = (
			);
			inputPaths = (
				"${PODS_PODFILE_DIR_PATH}/Podfile.lock",
				"${PODS_ROOT}/Manifest.lock",
			);
			name = "[CP] Check Pods Manifest.lock";
			outputPaths = (
				"$(DERIVED_FILE_DIR)/Pods-FYHire-checkManifestLockResult.txt",
			);
			runOnlyForDeploymentPostprocessing = 0;
			shellPath = /bin/sh;
			shellScript = "diff \"${PODS_PODFILE_DIR_PATH}/Podfile.lock\" \"${PODS_ROOT}/Manifest.lock\" > /dev/null\nif [ $? != 0 ] ; then\n    # print error to STDERR\n    echo \"error: The sandbox is not in sync with the Podfile.lock. Run 'pod install' or update your CocoaPods installation.\" >&2\n    exit 1\nfi\n# This output is used by Xcode 'outputs' to avoid re-running this script phase.\necho \"SUCCESS\" > \"${SCRIPT_OUTPUT_FILE_0}\"\n";
			showEnvVarsInLog = 0;
		};
		B93378D395810A62DE3913BE /* [CP] Embed Pods Frameworks */ = {
			isa = PBXShellScriptBuildPhase;
			buildActionMask = 2147483647;
			files = (
			);
			inputPaths = (
				"${SRCROOT}/Pods/Target Support Files/Pods-FYHire/Pods-FYHire-frameworks.sh",
				"${BUILT_PRODUCTS_DIR}/Alamofire/Alamofire.framework",
				"${BUILT_PRODUCTS_DIR}/DNSPageView/DNSPageView.framework",
				"${BUILT_PRODUCTS_DIR}/FSPagerView/FSPagerView.framework",
				"${BUILT_PRODUCTS_DIR}/IQKeyboardManagerSwift/IQKeyboardManagerSwift.framework",
				"${BUILT_PRODUCTS_DIR}/Kingfisher/Kingfisher.framework",
				"${BUILT_PRODUCTS_DIR}/Moya/Moya.framework",
				"${BUILT_PRODUCTS_DIR}/Result/Result.framework",
				"${BUILT_PRODUCTS_DIR}/RxSwift/RxSwift.framework",
				"${BUILT_PRODUCTS_DIR}/SVProgressHUD/SVProgressHUD.framework",
				"${BUILT_PRODUCTS_DIR}/SnapKit/SnapKit.framework",
				"${BUILT_PRODUCTS_DIR}/SwiftyUserDefaults/SwiftyUserDefaults.framework",
			);
			name = "[CP] Embed Pods Frameworks";
			outputPaths = (
				"${TARGET_BUILD_DIR}/${FRAMEWORKS_FOLDER_PATH}/Alamofire.framework",
				"${TARGET_BUILD_DIR}/${FRAMEWORKS_FOLDER_PATH}/DNSPageView.framework",
				"${TARGET_BUILD_DIR}/${FRAMEWORKS_FOLDER_PATH}/FSPagerView.framework",
				"${TARGET_BUILD_DIR}/${FRAMEWORKS_FOLDER_PATH}/IQKeyboardManagerSwift.framework",
				"${TARGET_BUILD_DIR}/${FRAMEWORKS_FOLDER_PATH}/Kingfisher.framework",
				"${TARGET_BUILD_DIR}/${FRAMEWORKS_FOLDER_PATH}/Moya.framework",
				"${TARGET_BUILD_DIR}/${FRAMEWORKS_FOLDER_PATH}/Result.framework",
				"${TARGET_BUILD_DIR}/${FRAMEWORKS_FOLDER_PATH}/RxSwift.framework",
				"${TARGET_BUILD_DIR}/${FRAMEWORKS_FOLDER_PATH}/SVProgressHUD.framework",
				"${TARGET_BUILD_DIR}/${FRAMEWORKS_FOLDER_PATH}/SnapKit.framework",
				"${TARGET_BUILD_DIR}/${FRAMEWORKS_FOLDER_PATH}/SwiftyUserDefaults.framework",
			);
			runOnlyForDeploymentPostprocessing = 0;
			shellPath = /bin/sh;
			shellScript = "\"${SRCROOT}/Pods/Target Support Files/Pods-FYHire/Pods-FYHire-frameworks.sh\"\n";
			showEnvVarsInLog = 0;
		};
/* End PBXShellScriptBuildPhase section */

/* Begin PBXSourcesBuildPhase section */
		844E5649211818210058EFCE /* Sources */ = {
			isa = PBXSourcesBuildPhase;
			buildActionMask = 2147483647;
			files = (
				3BA3495A2120494C008E2FE8 /* FYHOrderDetailView.swift in Sources */,
				84B5909B211D9579001F3D7D /* FYHProductViewController.swift in Sources */,
				84D26F582119352C00F41EC5 /* FYHAccountLoginViewController.swift in Sources */,
				3BF7646E211DEE74008F8AF4 /* FTHProductContentViewController.swift in Sources */,
				3B7C951D211EAACF00A69381 /* FYHProductChoseViewController.swift in Sources */,
				844E5653211818210058EFCE /* ViewController.swift in Sources */,
				3B4CEB2F211C9E880007E233 /* CoolSlidingMenuCollectionViewCell.swift in Sources */,
				3B4CEB2E211C9E880007E233 /* CoolSlidingMenuManager.swift in Sources */,
				3B7C9521211ECF6F00A69381 /* FTHProductCommentController.swift in Sources */,
				3B7C9523211ED02F00A69381 /* FTHProductCommentCell.swift in Sources */,
				3B39CFC3211EF2F6001FB8C0 /* FYHProductListController.swift in Sources */,
				3B7C951B211E68E100A69381 /* FTHProductIntroduceView.swift in Sources */,
				3BCA7F4F212075790076FFC0 /* FYHOrderClickView.swift in Sources */,
				84D26F54211934B700F41EC5 /* BaseViewController.swift in Sources */,
				84D26F5C2119762500F41EC5 /* UIButton-FYHExtension.swift in Sources */,
				3BA34956212036D2008E2FE8 /* FYHOrderDetailController.swift in Sources */,
				3BA3494F211FE81A008E2FE8 /* FYHOrderTableViewController.swift in Sources */,
				3B1CBA622119D28D00CDC2C2 /* FYHMeViewController.swift in Sources */,
				849349D9211AF9CC00BB1C0B /* FYHHomeProductView.swift in Sources */,
				844E5651211818210058EFCE /* AppDelegate.swift in Sources */,
				3B1CBA642119D29900CDC2C2 /* FYHOrderViewController.swift in Sources */,
				3B4CEB2D211C9E880007E233 /* CoolSlidingMenuView.swift in Sources */,
				84D26F502119324900F41EC5 /* FYUnderLineTextField.swift in Sources */,
				849349DD211B0AC800BB1C0B /* FYHHomeSectionView.swift in Sources */,
				3BA34952211FE944008E2FE8 /* FYHOrderTableCell.swift in Sources */,
				3B1CBA602119D28200CDC2C2 /* FYHHomeViewController.swift in Sources */,
				3B39CFC1211EEFA1001FB8C0 /* FTHProductTableViewCell.swift in Sources */,
				3B7C951F211EB20D00A69381 /* UIView-FYHExtension.swift in Sources */,
				84ACD396211C63CC0038B88B /* UIColor-FYHExtension.swift in Sources */,
			);
			runOnlyForDeploymentPostprocessing = 0;
		};
/* End PBXSourcesBuildPhase section */

/* Begin PBXVariantGroup section */
		844E5654211818210058EFCE /* Main.storyboard */ = {
			isa = PBXVariantGroup;
			children = (
				844E5655211818210058EFCE /* Base */,
			);
			name = Main.storyboard;
			sourceTree = "<group>";
		};
		844E5659211818230058EFCE /* LaunchScreen.storyboard */ = {
			isa = PBXVariantGroup;
			children = (
				844E565A211818230058EFCE /* Base */,
			);
			name = LaunchScreen.storyboard;
			sourceTree = "<group>";
		};
/* End PBXVariantGroup section */

/* Begin XCBuildConfiguration section */
		844E565D211818230058EFCE /* Debug */ = {
			isa = XCBuildConfiguration;
			buildSettings = {
				ALWAYS_SEARCH_USER_PATHS = NO;
				CLANG_ANALYZER_NONNULL = YES;
				CLANG_ANALYZER_NUMBER_OBJECT_CONVERSION = YES_AGGRESSIVE;
				CLANG_CXX_LANGUAGE_STANDARD = "gnu++14";
				CLANG_CXX_LIBRARY = "libc++";
				CLANG_ENABLE_MODULES = YES;
				CLANG_ENABLE_OBJC_ARC = YES;
				CLANG_ENABLE_OBJC_WEAK = YES;
				CLANG_WARN_BLOCK_CAPTURE_AUTORELEASING = YES;
				CLANG_WARN_BOOL_CONVERSION = YES;
				CLANG_WARN_COMMA = YES;
				CLANG_WARN_CONSTANT_CONVERSION = YES;
				CLANG_WARN_DEPRECATED_OBJC_IMPLEMENTATIONS = YES;
				CLANG_WARN_DIRECT_OBJC_ISA_USAGE = YES_ERROR;
				CLANG_WARN_DOCUMENTATION_COMMENTS = YES;
				CLANG_WARN_EMPTY_BODY = YES;
				CLANG_WARN_ENUM_CONVERSION = YES;
				CLANG_WARN_INFINITE_RECURSION = YES;
				CLANG_WARN_INT_CONVERSION = YES;
				CLANG_WARN_NON_LITERAL_NULL_CONVERSION = YES;
				CLANG_WARN_OBJC_IMPLICIT_RETAIN_SELF = YES;
				CLANG_WARN_OBJC_LITERAL_CONVERSION = YES;
				CLANG_WARN_OBJC_ROOT_CLASS = YES_ERROR;
				CLANG_WARN_RANGE_LOOP_ANALYSIS = YES;
				CLANG_WARN_STRICT_PROTOTYPES = YES;
				CLANG_WARN_SUSPICIOUS_MOVE = YES;
				CLANG_WARN_UNGUARDED_AVAILABILITY = YES_AGGRESSIVE;
				CLANG_WARN_UNREACHABLE_CODE = YES;
				CLANG_WARN__DUPLICATE_METHOD_MATCH = YES;
				CODE_SIGN_IDENTITY = "iPhone Developer";
				COPY_PHASE_STRIP = NO;
				DEBUG_INFORMATION_FORMAT = dwarf;
				ENABLE_STRICT_OBJC_MSGSEND = YES;
				ENABLE_TESTABILITY = YES;
				GCC_C_LANGUAGE_STANDARD = gnu11;
				GCC_DYNAMIC_NO_PIC = NO;
				GCC_NO_COMMON_BLOCKS = YES;
				GCC_OPTIMIZATION_LEVEL = 0;
				GCC_PREPROCESSOR_DEFINITIONS = (
					"DEBUG=1",
					"$(inherited)",
				);
				GCC_WARN_64_TO_32_BIT_CONVERSION = YES;
				GCC_WARN_ABOUT_RETURN_TYPE = YES_ERROR;
				GCC_WARN_UNDECLARED_SELECTOR = YES;
				GCC_WARN_UNINITIALIZED_AUTOS = YES_AGGRESSIVE;
				GCC_WARN_UNUSED_FUNCTION = YES;
				GCC_WARN_UNUSED_VARIABLE = YES;
				IPHONEOS_DEPLOYMENT_TARGET = 12.0;
				MTL_ENABLE_DEBUG_INFO = INCLUDE_SOURCE;
				MTL_FAST_MATH = YES;
				ONLY_ACTIVE_ARCH = YES;
				SDKROOT = iphoneos;
				SWIFT_ACTIVE_COMPILATION_CONDITIONS = DEBUG;
				SWIFT_OPTIMIZATION_LEVEL = "-Onone";
			};
			name = Debug;
		};
		844E565E211818230058EFCE /* Release */ = {
			isa = XCBuildConfiguration;
			buildSettings = {
				ALWAYS_SEARCH_USER_PATHS = NO;
				CLANG_ANALYZER_NONNULL = YES;
				CLANG_ANALYZER_NUMBER_OBJECT_CONVERSION = YES_AGGRESSIVE;
				CLANG_CXX_LANGUAGE_STANDARD = "gnu++14";
				CLANG_CXX_LIBRARY = "libc++";
				CLANG_ENABLE_MODULES = YES;
				CLANG_ENABLE_OBJC_ARC = YES;
				CLANG_ENABLE_OBJC_WEAK = YES;
				CLANG_WARN_BLOCK_CAPTURE_AUTORELEASING = YES;
				CLANG_WARN_BOOL_CONVERSION = YES;
				CLANG_WARN_COMMA = YES;
				CLANG_WARN_CONSTANT_CONVERSION = YES;
				CLANG_WARN_DEPRECATED_OBJC_IMPLEMENTATIONS = YES;
				CLANG_WARN_DIRECT_OBJC_ISA_USAGE = YES_ERROR;
				CLANG_WARN_DOCUMENTATION_COMMENTS = YES;
				CLANG_WARN_EMPTY_BODY = YES;
				CLANG_WARN_ENUM_CONVERSION = YES;
				CLANG_WARN_INFINITE_RECURSION = YES;
				CLANG_WARN_INT_CONVERSION = YES;
				CLANG_WARN_NON_LITERAL_NULL_CONVERSION = YES;
				CLANG_WARN_OBJC_IMPLICIT_RETAIN_SELF = YES;
				CLANG_WARN_OBJC_LITERAL_CONVERSION = YES;
				CLANG_WARN_OBJC_ROOT_CLASS = YES_ERROR;
				CLANG_WARN_RANGE_LOOP_ANALYSIS = YES;
				CLANG_WARN_STRICT_PROTOTYPES = YES;
				CLANG_WARN_SUSPICIOUS_MOVE = YES;
				CLANG_WARN_UNGUARDED_AVAILABILITY = YES_AGGRESSIVE;
				CLANG_WARN_UNREACHABLE_CODE = YES;
				CLANG_WARN__DUPLICATE_METHOD_MATCH = YES;
				CODE_SIGN_IDENTITY = "iPhone Developer";
				COPY_PHASE_STRIP = NO;
				DEBUG_INFORMATION_FORMAT = "dwarf-with-dsym";
				ENABLE_NS_ASSERTIONS = NO;
				ENABLE_STRICT_OBJC_MSGSEND = YES;
				GCC_C_LANGUAGE_STANDARD = gnu11;
				GCC_NO_COMMON_BLOCKS = YES;
				GCC_WARN_64_TO_32_BIT_CONVERSION = YES;
				GCC_WARN_ABOUT_RETURN_TYPE = YES_ERROR;
				GCC_WARN_UNDECLARED_SELECTOR = YES;
				GCC_WARN_UNINITIALIZED_AUTOS = YES_AGGRESSIVE;
				GCC_WARN_UNUSED_FUNCTION = YES;
				GCC_WARN_UNUSED_VARIABLE = YES;
				IPHONEOS_DEPLOYMENT_TARGET = 12.0;
				MTL_ENABLE_DEBUG_INFO = NO;
				MTL_FAST_MATH = YES;
				SDKROOT = iphoneos;
				SWIFT_COMPILATION_MODE = wholemodule;
				SWIFT_OPTIMIZATION_LEVEL = "-O";
				VALIDATE_PRODUCT = YES;
			};
			name = Release;
		};
		844E5660211818230058EFCE /* Debug */ = {
			isa = XCBuildConfiguration;
			baseConfigurationReference = 7A506653BCB51DA7451CCD05 /* Pods-FYHire.debug.xcconfig */;
			buildSettings = {
				ASSETCATALOG_COMPILER_APPICON_NAME = AppIcon;
				CODE_SIGN_STYLE = Automatic;
				DEVELOPMENT_TEAM = LNK67AT9N9;
				EMBED_ASSET_PACKS_IN_PRODUCT_BUNDLE = YES;
				INFOPLIST_FILE = FYHire/Info.plist;
				IPHONEOS_DEPLOYMENT_TARGET = 9.0;
				LD_RUNPATH_SEARCH_PATHS = (
					"$(inherited)",
					"@executable_path/Frameworks",
				);
				PRODUCT_BUNDLE_IDENTIFIER = com.fanyou.FYHire;
				PRODUCT_NAME = "$(TARGET_NAME)";
				SWIFT_OBJC_BRIDGING_HEADER = "FYHire-Bridge-Header.h";
				SWIFT_VERSION = 4.2;
				TARGETED_DEVICE_FAMILY = 1;
			};
			name = Debug;
		};
		844E5661211818230058EFCE /* Release */ = {
			isa = XCBuildConfiguration;
			baseConfigurationReference = D57A2149658D8D4D9805E849 /* Pods-FYHire.release.xcconfig */;
			buildSettings = {
				ASSETCATALOG_COMPILER_APPICON_NAME = AppIcon;
				CODE_SIGN_STYLE = Automatic;
				DEVELOPMENT_TEAM = LNK67AT9N9;
				EMBED_ASSET_PACKS_IN_PRODUCT_BUNDLE = YES;
				INFOPLIST_FILE = FYHire/Info.plist;
				IPHONEOS_DEPLOYMENT_TARGET = 9.0;
				LD_RUNPATH_SEARCH_PATHS = (
					"$(inherited)",
					"@executable_path/Frameworks",
				);
				PRODUCT_BUNDLE_IDENTIFIER = com.fanyou.FYHire;
				PRODUCT_NAME = "$(TARGET_NAME)";
				SWIFT_OBJC_BRIDGING_HEADER = "FYHire-Bridge-Header.h";
				SWIFT_VERSION = 4.2;
				TARGETED_DEVICE_FAMILY = 1;
			};
			name = Release;
		};
/* End XCBuildConfiguration section */

/* Begin XCConfigurationList section */
		844E5648211818210058EFCE /* Build configuration list for PBXProject "FYHire" */ = {
			isa = XCConfigurationList;
			buildConfigurations = (
				844E565D211818230058EFCE /* Debug */,
				844E565E211818230058EFCE /* Release */,
			);
			defaultConfigurationIsVisible = 0;
			defaultConfigurationName = Release;
		};
		844E565F211818230058EFCE /* Build configuration list for PBXNativeTarget "FYHire" */ = {
			isa = XCConfigurationList;
			buildConfigurations = (
				844E5660211818230058EFCE /* Debug */,
				844E5661211818230058EFCE /* Release */,
			);
			defaultConfigurationIsVisible = 0;
			defaultConfigurationName = Release;
		};
/* End XCConfigurationList section */
	};
	rootObject = 844E5645211818210058EFCE /* Project object */;
}
